
Microsoft Visual Studio Solution File, Format Version 12.00
# Visual Studio Version 16
VisualStudioVersion = 16.0.30523.141
MinimumVisualStudioVersion = 10.0.40219.1
Project("{FAE04EC0-301F-11D3-BF4B-00C04F79EFBC}") = "EigenProject", "EigenProject\EigenProject.csproj", "{2EACBA54-7AF8-4A90-ACA5-065EA4E4A001}"
EndProject
Global
	GlobalSection(SolutionConfigurationPlatforms) = preSolution
		Debug|Any CPU = Debug|Any CPU
		Release|Any CPU = Release|Any CPU
	EndGlobalSection
	GlobalSection(ProjectConfigurationPlatforms) = postSolution
		{2EACBA54-7AF8-4A90-ACA5-065EA4E4A001}.Debug|Any CPU.ActiveCfg = Debug|Any CPU
		{2EACBA54-7AF8-4A90-ACA5-065EA4E4A001}.Debug|Any CPU.Build.0 = Debug|Any CPU
		{2EACBA54-7AF8-4A90-ACA5-065EA4E4A001}.Release|Any CPU.ActiveCfg = Release|Any CPU
		{2EACBA54-7AF8-4A90-ACA5-065EA4E4A001}.Release|Any CPU.Build.0 = Release|Any CPU
	EndGlobalSection
	GlobalSection(SolutionProperties) = preSolution
		HideSolutionNode = FALSE
	EndGlobalSection
	GlobalSection(ExtensibilityGlobals) = postSolution
		SolutionGuid = {E7D53853-9D9E-43C6-8FCA-843F94EFF97A}
	EndGlobalSection
EndGlobal
